
Microsoft Visual Studio Solution File, Format Version 12.00
# Visual Studio Version 16
VisualStudioVersion = 16.0.31205.134
MinimumVisualStudioVersion = 10.0.40219.1
Project("{FAE04EC0-301F-11D3-BF4B-00C04F79EFBC}") = "API", "API.csproj", "{11D0D0C0-B185-4846-B81C-AF3380F174EE}"
EndProject
Project("{FAE04EC0-301F-11D3-BF4B-00C04F79EFBC}") = "Core", "..\Core\Core.csproj", "{49BEB37B-E32F-4DDE-A82C-3DB5E92C55E7}"
EndProject
Project("{FAE04EC0-301F-11D3-BF4B-00C04F79EFBC}") = "Infrastructure", "..\Infrastructure\Infrastructure.csproj", "{A9FF5B9F-B017-42EF-8087-2F45C2CA2F3E}"
EndProject
Project("{FAE04EC0-301F-11D3-BF4B-00C04F79EFBC}") = "Application", "..\Application\Application.csproj", "{A8DCD8D5-EDC6-4932-AAEE-12E71DC583FD}"
EndProject
Global
	GlobalSection(SolutionConfigurationPlatforms) = preSolution
		Debug|Any CPU = Debug|Any CPU
		Release|Any CPU = Release|Any CPU
	EndGlobalSection
	GlobalSection(ProjectConfigurationPlatforms) = postSolution
		{11D0D0C0-B185-4846-B81C-AF3380F174EE}.Debug|Any CPU.ActiveCfg = Debug|Any CPU
		{11D0D0C0-B185-4846-B81C-AF3380F174EE}.Debug|Any CPU.Build.0 = Debug|Any CPU
		{11D0D0C0-B185-4846-B81C-AF3380F174EE}.Release|Any CPU.ActiveCfg = Release|Any CPU
		{11D0D0C0-B185-4846-B81C-AF3380F174EE}.Release|Any CPU.Build.0 = Release|Any CPU
		{49BEB37B-E32F-4DDE-A82C-3DB5E92C55E7}.Debug|Any CPU.ActiveCfg = Debug|Any CPU
		{49BEB37B-E32F-4DDE-A82C-3DB5E92C55E7}.Debug|Any CPU.Build.0 = Debug|Any CPU
		{49BEB37B-E32F-4DDE-A82C-3DB5E92C55E7}.Release|Any CPU.ActiveCfg = Release|Any CPU
		{49BEB37B-E32F-4DDE-A82C-3DB5E92C55E7}.Release|Any CPU.Build.0 = Release|Any CPU
		{A9FF5B9F-B017-42EF-8087-2F45C2CA2F3E}.Debug|Any CPU.ActiveCfg = Debug|Any CPU
		{A9FF5B9F-B017-42EF-8087-2F45C2CA2F3E}.Debug|Any CPU.Build.0 = Debug|Any CPU
		{A9FF5B9F-B017-42EF-8087-2F45C2CA2F3E}.Release|Any CPU.ActiveCfg = Release|Any CPU
		{A9FF5B9F-B017-42EF-8087-2F45C2CA2F3E}.Release|Any CPU.Build.0 = Release|Any CPU
		{A8DCD8D5-EDC6-4932-AAEE-12E71DC583FD}.Debug|Any CPU.ActiveCfg = Debug|Any CPU
		{A8DCD8D5-EDC6-4932-AAEE-12E71DC583FD}.Debug|Any CPU.Build.0 = Debug|Any CPU
		{A8DCD8D5-EDC6-4932-AAEE-12E71DC583FD}.Release|Any CPU.ActiveCfg = Release|Any CPU
		{A8DCD8D5-EDC6-4932-AAEE-12E71DC583FD}.Release|Any CPU.Build.0 = Release|Any CPU
	EndGlobalSection
	GlobalSection(SolutionProperties) = preSolution
		HideSolutionNode = FALSE
	EndGlobalSection
	GlobalSection(ExtensibilityGlobals) = postSolution
		SolutionGuid = {A3707695-F6EC-4244-BC9B-98883AE22ABC}
	EndGlobalSection
EndGlobal
